
Microsoft Visual Studio Solution File, Format Version 12.00
# Visual Studio Version 17
VisualStudioVersion = 17.7.34024.191
MinimumVisualStudioVersion = 10.0.40219.1
Project("{FAE04EC0-301F-11D3-BF4B-00C04F79EFBC}") = "12-09-2023-hometask", "12-09-2023-hometask\12-09-2023-hometask.csproj", "{C3A53AA8-2D1A-4350-BDFD-93CDCC928E25}"
EndProject
Global
	GlobalSection(SolutionConfigurationPlatforms) = preSolution
		Debug|Any CPU = Debug|Any CPU
		Release|Any CPU = Release|Any CPU
	EndGlobalSection
	GlobalSection(ProjectConfigurationPlatforms) = postSolution
		{C3A53AA8-2D1A-4350-BDFD-93CDCC928E25}.Debug|Any CPU.ActiveCfg = Debug|Any CPU
		{C3A53AA8-2D1A-4350-BDFD-93CDCC928E25}.Debug|Any CPU.Build.0 = Debug|Any CPU
		{C3A53AA8-2D1A-4350-BDFD-93CDCC928E25}.Release|Any CPU.ActiveCfg = Release|Any CPU
		{C3A53AA8-2D1A-4350-BDFD-93CDCC928E25}.Release|Any CPU.Build.0 = Release|Any CPU
	EndGlobalSection
	GlobalSection(SolutionProperties) = preSolution
		HideSolutionNode = FALSE
	EndGlobalSection
	GlobalSection(ExtensibilityGlobals) = postSolution
		SolutionGuid = {DAF37795-18C6-4DAA-8B0D-23D68EBD9C1C}
	EndGlobalSection
EndGlobal
